# Generated by `helm dependency update`. Pins the resolved version of every
# dependency declared in Chart.yaml plus a digest of the whole dependency set.
# This is machine-managed YAML, not a Kubernetes object.
dependencies:
  - name: redis
    repository: https://charts.bitnami.com/bitnami
    version: 20.6.2
digest: sha256:3f5a1e6b2c9d4a7f8e0b1c2d3e4f5a6b7c8d9e0f1a2b3c4d5e6f7a8b9c0d1e2f
generated: "2026-05-14T09:12:44.517283Z"
